
Microsoft Visual Studio Solution File, Format Version 12.00
# Visual Studio 15
VisualStudioVersion = 15.0.28307.539
MinimumVisualStudioVersion = 10.0.40219.1
Project("{FAE04EC0-301F-11D3-BF4B-00C04F79EFBC}") = "PythonWCFConsoleApp", "PythonWCFConsoleApp\PythonWCFConsoleApp.csproj", "{824B1BDE-4CCC-410C-836D-4013D1E9F7FB}"
EndProject
Project("{FAE04EC0-301F-11D3-BF4B-00C04F79EFBC}") = "PythonWCFHttpWinService", "PythonWCFHttpWinService\PythonWCFHttpWinService.csproj", "{CE8426E2-CD28-4549-BEFE-B535F528CC97}"
EndProject
Project("{FAE04EC0-301F-11D3-BF4B-00C04F79EFBC}") = "PythonWCFHttpService", "PythonWCFService\PythonWCFHttpService.csproj", "{AEC8679B-9C2D-4C9F-94A8-B6EF9376F542}"
EndProject
Project("{FAE04EC0-301F-11D3-BF4B-00C04F79EFBC}") = "PythonWCFShared", "PythonWCFShared\PythonWCFShared.csproj", "{C7481901-2D4E-446D-90A0-01DD6B9EE13C}"
EndProject
Project("{FAE04EC0-301F-11D3-BF4B-00C04F79EFBC}") = "PythonWCFClientApi", "PythonWCFClientApi\PythonWCFClientApi.csproj", "{C5E960B5-5A24-4079-A4AD-99EC776BA32B}"
EndProject
Project("{FAE04EC0-301F-11D3-BF4B-00C04F79EFBC}") = "PythonWCFCommon", "PythonWCFCommon\PythonWCFCommon.csproj", "{2E20CDB0-7650-4DC5-BB0D-5D4A42504720}"
EndProject
Project("{FAE04EC0-301F-11D3-BF4B-00C04F79EFBC}") = "PythonWCFHttpApp", "PythonWCFHttpApp\PythonWCFHttpApp.csproj", "{53545B52-900D-48A1-B86B-98E39B25FDBC}"
EndProject
Global
	GlobalSection(SolutionConfigurationPlatforms) = preSolution
		Debug|Any CPU = Debug|Any CPU
		Release|Any CPU = Release|Any CPU
	EndGlobalSection
	GlobalSection(ProjectConfigurationPlatforms) = postSolution
		{824B1BDE-4CCC-410C-836D-4013D1E9F7FB}.Debug|Any CPU.ActiveCfg = Debug|Any CPU
		{824B1BDE-4CCC-410C-836D-4013D1E9F7FB}.Debug|Any CPU.Build.0 = Debug|Any CPU
		{824B1BDE-4CCC-410C-836D-4013D1E9F7FB}.Release|Any CPU.ActiveCfg = Release|Any CPU
		{824B1BDE-4CCC-410C-836D-4013D1E9F7FB}.Release|Any CPU.Build.0 = Release|Any CPU
		{CE8426E2-CD28-4549-BEFE-B535F528CC97}.Debug|Any CPU.ActiveCfg = Debug|Any CPU
		{CE8426E2-CD28-4549-BEFE-B535F528CC97}.Debug|Any CPU.Build.0 = Debug|Any CPU
		{CE8426E2-CD28-4549-BEFE-B535F528CC97}.Release|Any CPU.ActiveCfg = Release|Any CPU
		{CE8426E2-CD28-4549-BEFE-B535F528CC97}.Release|Any CPU.Build.0 = Release|Any CPU
		{AEC8679B-9C2D-4C9F-94A8-B6EF9376F542}.Debug|Any CPU.ActiveCfg = Debug|Any CPU
		{AEC8679B-9C2D-4C9F-94A8-B6EF9376F542}.Debug|Any CPU.Build.0 = Debug|Any CPU
		{AEC8679B-9C2D-4C9F-94A8-B6EF9376F542}.Release|Any CPU.ActiveCfg = Release|Any CPU
		{AEC8679B-9C2D-4C9F-94A8-B6EF9376F542}.Release|Any CPU.Build.0 = Release|Any CPU
		{C7481901-2D4E-446D-90A0-01DD6B9EE13C}.Debug|Any CPU.ActiveCfg = Debug|Any CPU
		{C7481901-2D4E-446D-90A0-01DD6B9EE13C}.Debug|Any CPU.Build.0 = Debug|Any CPU
		{C7481901-2D4E-446D-90A0-01DD6B9EE13C}.Release|Any CPU.ActiveCfg = Release|Any CPU
		{C7481901-2D4E-446D-90A0-01DD6B9EE13C}.Release|Any CPU.Build.0 = Release|Any CPU
		{C5E960B5-5A24-4079-A4AD-99EC776BA32B}.Debug|Any CPU.ActiveCfg = Debug|Any CPU
		{C5E960B5-5A24-4079-A4AD-99EC776BA32B}.Debug|Any CPU.Build.0 = Debug|Any CPU
		{C5E960B5-5A24-4079-A4AD-99EC776BA32B}.Release|Any CPU.ActiveCfg = Release|Any CPU
		{C5E960B5-5A24-4079-A4AD-99EC776BA32B}.Release|Any CPU.Build.0 = Release|Any CPU
		{2E20CDB0-7650-4DC5-BB0D-5D4A42504720}.Debug|Any CPU.ActiveCfg = Debug|Any CPU
		{2E20CDB0-7650-4DC5-BB0D-5D4A42504720}.Debug|Any CPU.Build.0 = Debug|Any CPU
		{2E20CDB0-7650-4DC5-BB0D-5D4A42504720}.Release|Any CPU.ActiveCfg = Release|Any CPU
		{2E20CDB0-7650-4DC5-BB0D-5D4A42504720}.Release|Any CPU.Build.0 = Release|Any CPU
		{53545B52-900D-48A1-B86B-98E39B25FDBC}.Debug|Any CPU.ActiveCfg = Debug|Any CPU
		{53545B52-900D-48A1-B86B-98E39B25FDBC}.Debug|Any CPU.Build.0 = Debug|Any CPU
		{53545B52-900D-48A1-B86B-98E39B25FDBC}.Release|Any CPU.ActiveCfg = Release|Any CPU
		{53545B52-900D-48A1-B86B-98E39B25FDBC}.Release|Any CPU.Build.0 = Release|Any CPU
	EndGlobalSection
	GlobalSection(SolutionProperties) = preSolution
		HideSolutionNode = FALSE
	EndGlobalSection
	GlobalSection(ExtensibilityGlobals) = postSolution
		SolutionGuid = {683B420F-3DA3-4DB0-A36E-3591AD81CFB7}
	EndGlobalSection
EndGlobal
